
Microsoft Visual Studio Solution File, Format Version 12.00
# Visual Studio Version 16
VisualStudioVersion = 16.0.31729.503
MinimumVisualStudioVersion = 10.0.40219.1
Project("{FAE04EC0-301F-11D3-BF4B-00C04F79EFBC}") = "Linq001", "Linq001\Linq001.csproj", "{EE240B3E-2316-4BCC-80EE-483FCAFE9FED}"
EndProject
Global
	GlobalSection(SolutionConfigurationPlatforms) = preSolution
		Debug|Any CPU = Debug|Any CPU
		Release|Any CPU = Release|Any CPU
	EndGlobalSection
	GlobalSection(ProjectConfigurationPlatforms) = postSolution
		{EE240B3E-2316-4BCC-80EE-483FCAFE9FED}.Debug|Any CPU.ActiveCfg = Debug|Any CPU
		{EE240B3E-2316-4BCC-80EE-483FCAFE9FED}.Debug|Any CPU.Build.0 = Debug|Any CPU
		{EE240B3E-2316-4BCC-80EE-483FCAFE9FED}.Release|Any CPU.ActiveCfg = Release|Any CPU
		{EE240B3E-2316-4BCC-80EE-483FCAFE9FED}.Release|Any CPU.Build.0 = Release|Any CPU
	EndGlobalSection
	GlobalSection(SolutionProperties) = preSolution
		HideSolutionNode = FALSE
	EndGlobalSection
	GlobalSection(ExtensibilityGlobals) = postSolution
		SolutionGuid = {F349F529-115D-4193-854A-DB7057A866A5}
	EndGlobalSection
EndGlobal
